// !$*UTF8*$!
{
	archiveVersion = 1;
	classes = {
	};
	objectVersion = 50;
	objects = {

/* Begin PBXBuildFile section */
		22B93ACC408B55AA1A3E2B23 /* libPods-PaymentApp.a in Frameworks */ = {isa = PBXBuildFile; fileRef = C4557CDBE98C0C8028E8AF0B /* libPods-PaymentApp.a */; };
		7E372DEA22085027004A057F /* loading.json in Resources */ = {isa = PBXBuildFile; fileRef = 7E372DE922085027004A057F /* loading.json */; };
		7E372DEF2209A8D2004A057F /* OrderListTableViewCell.m in Sources */ = {isa = PBXBuildFile; fileRef = 7E372DED2209A8D1004A057F /* OrderListTableViewCell.m */; };
		7E372DF02209A8D2004A057F /* OrderListTableViewCell.xib in Resources */ = {isa = PBXBuildFile; fileRef = 7E372DEE2209A8D1004A057F /* OrderListTableViewCell.xib */; };
		7E4BE4352206575400302243 /* OrderDetailViewController.m in Sources */ = {isa = PBXBuildFile; fileRef = 7E4BE4342206575400302243 /* OrderDetailViewController.m */; };
		7E4C9B6C2203DD7200D42EF4 /* AppDelegate.m in Sources */ = {isa = PBXBuildFile; fileRef = 7E4C9B6B2203DD7200D42EF4 /* AppDelegate.m */; };
		7E4C9B722203DD7200D42EF4 /* Main.storyboard in Resources */ = {isa = PBXBuildFile; fileRef = 7E4C9B702203DD7200D42EF4 /* Main.storyboard */; };
		7E4C9B772203DD7300D42EF4 /* Assets.xcassets in Resources */ = {isa = PBXBuildFile; fileRef = 7E4C9B762203DD7300D42EF4 /* Assets.xcassets */; };
		7E4C9B7A2203DD7300D42EF4 /* LaunchScreen.storyboard in Resources */ = {isa = PBXBuildFile; fileRef = 7E4C9B782203DD7300D42EF4 /* LaunchScreen.storyboard */; };
		7E4C9B7D2203DD7300D42EF4 /* main.m in Sources */ = {isa = PBXBuildFile; fileRef = 7E4C9B7C2203DD7300D42EF4 /* main.m */; };
		7E4C9B872203DEA000D42EF4 /* SplashViewController.m in Sources */ = {isa = PBXBuildFile; fileRef = 7E4C9B862203DEA000D42EF4 /* SplashViewController.m */; };
		7E4C9B912203EC8E00D42EF4 /* NetworkingManager.m in Sources */ = {isa = PBXBuildFile; fileRef = 7E4C9B902203EC8E00D42EF4 /* NetworkingManager.m */; };
		7E4C9B9C220473BB00D42EF4 /* EndpointStructure.m in Sources */ = {isa = PBXBuildFile; fileRef = 7E4C9B9B220473BB00D42EF4 /* EndpointStructure.m */; };
		7E4C9B9F2204772700D42EF4 /* PaymentAmmountViewController.m in Sources */ = {isa = PBXBuildFile; fileRef = 7E4C9B9E2204772700D42EF4 /* PaymentAmmountViewController.m */; };
		7E4C9BA322047CFE00D42EF4 /* PaymentMethodViewController.m in Sources */ = {isa = PBXBuildFile; fileRef = 7E4C9BA222047CFE00D42EF4 /* PaymentMethodViewController.m */; };
		7E4C9BA72204A04500D42EF4 /* PaymentMethod.m in Sources */ = {isa = PBXBuildFile; fileRef = 7E4C9BA62204A04500D42EF4 /* PaymentMethod.m */; };
		7E4C9BAE2204D81100D42EF4 /* CardIssuersViewController.m in Sources */ = {isa = PBXBuildFile; fileRef = 7E4C9BAD2204D81100D42EF4 /* CardIssuersViewController.m */; };
		7E4C9BB12204D99D00D42EF4 /* CardIssuer.m in Sources */ = {isa = PBXBuildFile; fileRef = 7E4C9BB02204D99C00D42EF4 /* CardIssuer.m */; };
		7E800942220516B900DE71C7 /* Installment.m in Sources */ = {isa = PBXBuildFile; fileRef = 7E800941220516B900DE71C7 /* Installment.m */; };
		7E80094922051DC900DE71C7 /* InstallmentViewController.m in Sources */ = {isa = PBXBuildFile; fileRef = 7E80094822051DC900DE71C7 /* InstallmentViewController.m */; };
		7EAC54A922066CF600C367F1 /* UIViewController+Category.m in Sources */ = {isa = PBXBuildFile; fileRef = 7EAC54A822066CF600C367F1 /* UIViewController+Category.m */; };
		7EAC54AC22071BFA00C367F1 /* PaymentApp.xcdatamodeld in Sources */ = {isa = PBXBuildFile; fileRef = 7EAC54AA22071BFA00C367F1 /* PaymentApp.xcdatamodeld */; };
		7EAC54AF2207356E00C367F1 /* Order.m in Sources */ = {isa = PBXBuildFile; fileRef = 7EAC54AE2207356E00C367F1 /* Order.m */; };
		7EAC54B32207396A00C367F1 /* OrderManager.m in Sources */ = {isa = PBXBuildFile; fileRef = 7EAC54B22207396A00C367F1 /* OrderManager.m */; };
		7EAC54B72207580B00C367F1 /* OrderListTableViewController.m in Sources */ = {isa = PBXBuildFile; fileRef = 7EAC54B62207580B00C367F1 /* OrderListTableViewController.m */; };
/* End PBXBuildFile section */

/* Begin PBXFileReference section */
		4B9640873C8514CF488CB987 /* Pods-PaymentApp.debug.xcconfig */ = {isa = PBXFileReference; includeInIndex = 1; lastKnownFileType = text.xcconfig; name = "Pods-PaymentApp.debug.xcconfig"; path = "Target Support Files/Pods-PaymentApp/Pods-PaymentApp.debug.xcconfig"; sourceTree = "<group>"; };
		4DAF1BA4B6B8B7E0A3E28282 /* Pods-PaymentApp.release.xcconfig */ = {isa = PBXFileReference; includeInIndex = 1; lastKnownFileType = text.xcconfig; name = "Pods-PaymentApp.release.xcconfig"; path = "Target Support Files/Pods-PaymentApp/Pods-PaymentApp.release.xcconfig"; sourceTree = "<group>"; };
		7E372DE922085027004A057F /* loading.json */ = {isa = PBXFileReference; fileEncoding = 4; lastKnownFileType = text.json; path = loading.json; sourceTree = "<group>"; };
		7E372DEC2209A8D1004A057F /* OrderListTableViewCell.h */ = {isa = PBXFileReference; lastKnownFileType = sourcecode.c.h; path = OrderListTableViewCell.h; sourceTree = "<group>"; };
		7E372DED2209A8D1004A057F /* OrderListTableViewCell.m */ = {isa = PBXFileReference; lastKnownFileType = sourcecode.c.objc; path = OrderListTableViewCell.m; sourceTree = "<group>"; };
		7E372DEE2209A8D1004A057F /* OrderListTableViewCell.xib */ = {isa = PBXFileReference; lastKnownFileType = file.xib; path = OrderListTableViewCell.xib; sourceTree = "<group>"; };
		7E4BE4332206575400302243 /* OrderDetailViewController.h */ = {isa = PBXFileReference; lastKnownFileType = sourcecode.c.h; path = OrderDetailViewController.h; sourceTree = "<group>"; };
		7E4BE4342206575400302243 /* OrderDetailViewController.m */ = {isa = PBXFileReference; lastKnownFileType = sourcecode.c.objc; path = OrderDetailViewController.m; sourceTree = "<group>"; };
		7E4BE43922066C4800302243 /* UIViewController+Extension.h */ = {isa = PBXFileReference; lastKnownFileType = sourcecode.c.h; path = "UIViewController+Extension.h"; sourceTree = "<group>"; };
		7E4C9B672203DD7200D42EF4 /* PaymentApp.app */ = {isa = PBXFileReference; explicitFileType = wrapper.application; includeInIndex = 0; path = PaymentApp.app; sourceTree = BUILT_PRODUCTS_DIR; };
		7E4C9B6A2203DD7200D42EF4 /* AppDelegate.h */ = {isa = PBXFileReference; lastKnownFileType = sourcecode.c.h; path = AppDelegate.h; sourceTree = "<group>"; };
		7E4C9B6B2203DD7200D42EF4 /* AppDelegate.m */ = {isa = PBXFileReference; lastKnownFileType = sourcecode.c.objc; path = AppDelegate.m; sourceTree = "<group>"; };
		7E4C9B712203DD7200D42EF4 /* Base */ = {isa = PBXFileReference; lastKnownFileType = file.storyboard; name = Base; path = Base.lproj/Main.storyboard; sourceTree = "<group>"; };
		7E4C9B762203DD7300D42EF4 /* Assets.xcassets */ = {isa = PBXFileReference; lastKnownFileType = folder.assetcatalog; path = Assets.xcassets; sourceTree = "<group>"; };
		7E4C9B792203DD7300D42EF4 /* Base */ = {isa = PBXFileReference; lastKnownFileType = file.storyboard; name = Base; path = Base.lproj/LaunchScreen.storyboard; sourceTree = "<group>"; };
		7E4C9B7B2203DD7300D42EF4 /* Info.plist */ = {isa = PBXFileReference; lastKnownFileType = text.plist.xml; path = Info.plist; sourceTree = "<group>"; };
		7E4C9B7C2203DD7300D42EF4 /* main.m */ = {isa = PBXFileReference; lastKnownFileType = sourcecode.c.objc; path = main.m; sourceTree = "<group>"; };
		7E4C9B852203DEA000D42EF4 /* SplashViewController.h */ = {isa = PBXFileReference; lastKnownFileType = sourcecode.c.h; path = SplashViewController.h; sourceTree = "<group>"; };
		7E4C9B862203DEA000D42EF4 /* SplashViewController.m */ = {isa = PBXFileReference; lastKnownFileType = sourcecode.c.objc; path = SplashViewController.m; sourceTree = "<group>"; };
		7E4C9B8F2203EC8E00D42EF4 /* NetworkingManager.h */ = {isa = PBXFileReference; lastKnownFileType = sourcecode.c.h; path = NetworkingManager.h; sourceTree = "<group>"; };
		7E4C9B902203EC8E00D42EF4 /* NetworkingManager.m */ = {isa = PBXFileReference; lastKnownFileType = sourcecode.c.objc; path = NetworkingManager.m; sourceTree = "<group>"; };
		7E4C9B9A220473BB00D42EF4 /* EndpointStructure.h */ = {isa = PBXFileReference; lastKnownFileType = sourcecode.c.h; path = EndpointStructure.h; sourceTree = "<group>"; };
		7E4C9B9B220473BB00D42EF4 /* EndpointStructure.m */ = {isa = PBXFileReference; lastKnownFileType = sourcecode.c.objc; path = EndpointStructure.m; sourceTree = "<group>"; };
		7E4C9B9D2204772700D42EF4 /* PaymentAmmountViewController.h */ = {isa = PBXFileReference; lastKnownFileType = sourcecode.c.h; path = PaymentAmmountViewController.h; sourceTree = "<group>"; };
		7E4C9B9E2204772700D42EF4 /* PaymentAmmountViewController.m */ = {isa = PBXFileReference; lastKnownFileType = sourcecode.c.objc; path = PaymentAmmountViewController.m; sourceTree = "<group>"; };
		7E4C9BA122047CFE00D42EF4 /* PaymentMethodViewController.h */ = {isa = PBXFileReference; lastKnownFileType = sourcecode.c.h; path = PaymentMethodViewController.h; sourceTree = "<group>"; };
		7E4C9BA222047CFE00D42EF4 /* PaymentMethodViewController.m */ = {isa = PBXFileReference; lastKnownFileType = sourcecode.c.objc; path = PaymentMethodViewController.m; sourceTree = "<group>"; };
		7E4C9BA52204A04500D42EF4 /* PaymentMethod.h */ = {isa = PBXFileReference; lastKnownFileType = sourcecode.c.h; path = PaymentMethod.h; sourceTree = "<group>"; };
		7E4C9BA62204A04500D42EF4 /* PaymentMethod.m */ = {isa = PBXFileReference; lastKnownFileType = sourcecode.c.objc; path = PaymentMethod.m; sourceTree = "<group>"; };
		7E4C9BAC2204D81100D42EF4 /* CardIssuersViewController.h */ = {isa = PBXFileReference; lastKnownFileType = sourcecode.c.h; path = CardIssuersViewController.h; sourceTree = "<group>"; };
		7E4C9BAD2204D81100D42EF4 /* CardIssuersViewController.m */ = {isa = PBXFileReference; lastKnownFileType = sourcecode.c.objc; path = CardIssuersViewController.m; sourceTree = "<group>"; };
		7E4C9BAF2204D99C00D42EF4 /* CardIssuer.h */ = {isa = PBXFileReference; lastKnownFileType = sourcecode.c.h; path = CardIssuer.h; sourceTree = "<group>"; };
		7E4C9BB02204D99C00D42EF4 /* CardIssuer.m */ = {isa = PBXFileReference; lastKnownFileType = sourcecode.c.objc; path = CardIssuer.m; sourceTree = "<group>"; };
		7E800940220516B900DE71C7 /* Installment.h */ = {isa = PBXFileReference; lastKnownFileType = sourcecode.c.h; path = Installment.h; sourceTree = "<group>"; };
		7E800941220516B900DE71C7 /* Installment.m */ = {isa = PBXFileReference; lastKnownFileType = sourcecode.c.objc; path = Installment.m; sourceTree = "<group>"; };
		7E80094722051DC900DE71C7 /* InstallmentViewController.h */ = {isa = PBXFileReference; lastKnownFileType = sourcecode.c.h; path = InstallmentViewController.h; sourceTree = "<group>"; };
		7E80094822051DC900DE71C7 /* InstallmentViewController.m */ = {isa = PBXFileReference; lastKnownFileType = sourcecode.c.objc; path = InstallmentViewController.m; sourceTree = "<group>"; };
		7EAC54A722066CF600C367F1 /* UIViewController+Category.h */ = {isa = PBXFileReference; lastKnownFileType = sourcecode.c.h; path = "UIViewController+Category.h"; sourceTree = "<group>"; };
		7EAC54A822066CF600C367F1 /* UIViewController+Category.m */ = {isa = PBXFileReference; lastKnownFileType = sourcecode.c.objc; path = "UIViewController+Category.m"; sourceTree = "<group>"; };
		7EAC54AB22071BFA00C367F1 /* PaymentApp.xcdatamodel */ = {isa = PBXFileReference; lastKnownFileType = wrapper.xcdatamodel; path = PaymentApp.xcdatamodel; sourceTree = "<group>"; };
		7EAC54AD2207356E00C367F1 /* Order.h */ = {isa = PBXFileReference; lastKnownFileType = sourcecode.c.h; path = Order.h; sourceTree = "<group>"; };
		7EAC54AE2207356E00C367F1 /* Order.m */ = {isa = PBXFileReference; lastKnownFileType = sourcecode.c.objc; path = Order.m; sourceTree = "<group>"; };
		7EAC54B12207396A00C367F1 /* OrderManager.h */ = {isa = PBXFileReference; lastKnownFileType = sourcecode.c.h; path = OrderManager.h; sourceTree = "<group>"; };
		7EAC54B22207396A00C367F1 /* OrderManager.m */ = {isa = PBXFileReference; lastKnownFileType = sourcecode.c.objc; path = OrderManager.m; sourceTree = "<group>"; };
		7EAC54B52207580B00C367F1 /* OrderListTableViewController.h */ = {isa = PBXFileReference; lastKnownFileType = sourcecode.c.h; path = OrderListTableViewController.h; sourceTree = "<group>"; };
		7EAC54B62207580B00C367F1 /* OrderListTableViewController.m */ = {isa = PBXFileReference; lastKnownFileType = sourcecode.c.objc; path = OrderListTableViewController.m; sourceTree = "<group>"; };
		C4557CDBE98C0C8028E8AF0B /* libPods-PaymentApp.a */ = {isa = PBXFileReference; explicitFileType = archive.ar; includeInIndex = 0; path = "libPods-PaymentApp.a"; sourceTree = BUILT_PRODUCTS_DIR; };
/* End PBXFileReference section */

/* Begin PBXFrameworksBuildPhase section */
		7E4C9B642203DD7200D42EF4 /* Frameworks */ = {
			isa = PBXFrameworksBuildPhase;
			buildActionMask = 2147483647;
			files = (
				22B93ACC408B55AA1A3E2B23 /* libPods-PaymentApp.a in Frameworks */,
			);
			runOnlyForDeploymentPostprocessing = 0;
		};
/* End PBXFrameworksBuildPhase section */

/* Begin PBXGroup section */
		2EBAC14DAA512B9F4893B81F /* Frameworks */ = {
			isa = PBXGroup;
			children = (
				C4557CDBE98C0C8028E8AF0B /* libPods-PaymentApp.a */,
			);
			name = Frameworks;
			sourceTree = "<group>";
		};
		7D6F8BEE26366649DEA51830 /* Pods */ = {
			isa = PBXGroup;
			children = (
				4B9640873C8514CF488CB987 /* Pods-PaymentApp.debug.xcconfig */,
				4DAF1BA4B6B8B7E0A3E28282 /* Pods-PaymentApp.release.xcconfig */,
			);
			path = Pods;
			sourceTree = "<group>";
		};
		7E372DE82208501C004A057F /* Assets */ = {
			isa = PBXGroup;
			children = (
				7E372DE922085027004A057F /* loading.json */,
			);
			path = Assets;
			sourceTree = "<group>";
		};
		7E372DEB2209A8B7004A057F /* Cell */ = {
			isa = PBXGroup;
			children = (
				7E372DEC2209A8D1004A057F /* OrderListTableViewCell.h */,
				7E372DED2209A8D1004A057F /* OrderListTableViewCell.m */,
				7E372DEE2209A8D1004A057F /* OrderListTableViewCell.xib */,
			);
			path = Cell;
			sourceTree = "<group>";
		};
		7E4BE4322206573F00302243 /* OrderDetail */ = {
			isa = PBXGroup;
			children = (
				7E4BE4332206575400302243 /* OrderDetailViewController.h */,
				7E4BE4342206575400302243 /* OrderDetailViewController.m */,
			);
			path = OrderDetail;
			sourceTree = "<group>";
		};
		7E4BE43622066BEF00302243 /* Utils */ = {
			isa = PBXGroup;
			children = (
				7EAC54B02207394F00C367F1 /* Managers */,
				7E4BE43722066BF300302243 /* Extension */,
			);
			path = Utils;
			sourceTree = "<group>";
		};
		7E4BE43722066BF300302243 /* Extension */ = {
			isa = PBXGroup;
			children = (
				7E4BE43922066C4800302243 /* UIViewController+Extension.h */,
				7EAC54A722066CF600C367F1 /* UIViewController+Category.h */,
				7EAC54A822066CF600C367F1 /* UIViewController+Category.m */,
			);
			path = Extension;
			sourceTree = "<group>";
		};
		7E4C9B5E2203DD7200D42EF4 = {
			isa = PBXGroup;
			children = (
				7E4C9B692203DD7200D42EF4 /* PaymentApp */,
				7E4C9B682203DD7200D42EF4 /* Products */,
				7D6F8BEE26366649DEA51830 /* Pods */,
				2EBAC14DAA512B9F4893B81F /* Frameworks */,
			);
			sourceTree = "<group>";
		};
		7E4C9B682203DD7200D42EF4 /* Products */ = {
			isa = PBXGroup;
			children = (
				7E4C9B672203DD7200D42EF4 /* PaymentApp.app */,
			);
			name = Products;
			sourceTree = "<group>";
		};
		7E4C9B692203DD7200D42EF4 /* PaymentApp */ = {
			isa = PBXGroup;
			children = (
				7E372DE82208501C004A057F /* Assets */,
				7E4BE43622066BEF00302243 /* Utils */,
				7E4C9BA42204A03200D42EF4 /* Models */,
				7E4C9B882203E1DC00D42EF4 /* Networking */,
				7E4C9B832203DE8500D42EF4 /* Modules */,
				7E4C9B6A2203DD7200D42EF4 /* AppDelegate.h */,
				7E4C9B6B2203DD7200D42EF4 /* AppDelegate.m */,
				7E4C9B702203DD7200D42EF4 /* Main.storyboard */,
				7E4C9B762203DD7300D42EF4 /* Assets.xcassets */,
				7E4C9B782203DD7300D42EF4 /* LaunchScreen.storyboard */,
				7E4C9B7B2203DD7300D42EF4 /* Info.plist */,
				7E4C9B7C2203DD7300D42EF4 /* main.m */,
				7EAC54AA22071BFA00C367F1 /* PaymentApp.xcdatamodeld */,
			);
			path = PaymentApp;
			sourceTree = "<group>";
		};
		7E4C9B832203DE8500D42EF4 /* Modules */ = {
			isa = PBXGroup;
			children = (
				7EAC54B4220757F500C367F1 /* OrderList */,
				7E4BE4322206573F00302243 /* OrderDetail */,
				7E80094322051D1D00DE71C7 /* Installment */,
				7E4C9BAB2204D7E600D42EF4 /* CardIssuer */,
				7E4C9BA022047CEE00D42EF4 /* PaymentMethod */,
				7E4C9B92220461F700D42EF4 /* PaymentAmmount */,
				7E4C9B842203DE8C00D42EF4 /* Splash */,
			);
			path = Modules;
			sourceTree = "<group>";
		};
		7E4C9B842203DE8C00D42EF4 /* Splash */ = {
			isa = PBXGroup;
			children = (
				7E4C9B852203DEA000D42EF4 /* SplashViewController.h */,
				7E4C9B862203DEA000D42EF4 /* SplashViewController.m */,
			);
			path = Splash;
			sourceTree = "<group>";
		};
		7E4C9B882203E1DC00D42EF4 /* Networking */ = {
			isa = PBXGroup;
			children = (
				7E4C9B8F2203EC8E00D42EF4 /* NetworkingManager.h */,
				7E4C9B902203EC8E00D42EF4 /* NetworkingManager.m */,
				7E4C9B9A220473BB00D42EF4 /* EndpointStructure.h */,
				7E4C9B9B220473BB00D42EF4 /* EndpointStructure.m */,
			);
			path = Networking;
			sourceTree = "<group>";
		};
		7E4C9B92220461F700D42EF4 /* PaymentAmmount */ = {
			isa = PBXGroup;
			children = (
				7E4C9B9D2204772700D42EF4 /* PaymentAmmountViewController.h */,
				7E4C9B9E2204772700D42EF4 /* PaymentAmmountViewController.m */,
			);
			path = PaymentAmmount;
			sourceTree = "<group>";
		};
		7E4C9BA022047CEE00D42EF4 /* PaymentMethod */ = {
			isa = PBXGroup;
			children = (
				7E4C9BA122047CFE00D42EF4 /* PaymentMethodViewController.h */,
				7E4C9BA222047CFE00D42EF4 /* PaymentMethodViewController.m */,
			);
			path = PaymentMethod;
			sourceTree = "<group>";
		};
		7E4C9BA42204A03200D42EF4 /* Models */ = {
			isa = PBXGroup;
			children = (
				7E4C9BA52204A04500D42EF4 /* PaymentMethod.h */,
				7E4C9BA62204A04500D42EF4 /* PaymentMethod.m */,
				7E4C9BAF2204D99C00D42EF4 /* CardIssuer.h */,
				7E4C9BB02204D99C00D42EF4 /* CardIssuer.m */,
				7E800940220516B900DE71C7 /* Installment.h */,
				7E800941220516B900DE71C7 /* Installment.m */,
				7EAC54AD2207356E00C367F1 /* Order.h */,
				7EAC54AE2207356E00C367F1 /* Order.m */,
			);
			path = Models;
			sourceTree = "<group>";
		};
		7E4C9BAB2204D7E600D42EF4 /* CardIssuer */ = {
			isa = PBXGroup;
			children = (
				7E4C9BAC2204D81100D42EF4 /* CardIssuersViewController.h */,
				7E4C9BAD2204D81100D42EF4 /* CardIssuersViewController.m */,
			);
			path = CardIssuer;
			sourceTree = "<group>";
		};
		7E80094322051D1D00DE71C7 /* Installment */ = {
			isa = PBXGroup;
			children = (
				7E80094722051DC900DE71C7 /* InstallmentViewController.h */,
				7E80094822051DC900DE71C7 /* InstallmentViewController.m */,
			);
			path = Installment;
			sourceTree = "<group>";
		};
		7EAC54B02207394F00C367F1 /* Managers */ = {
			isa = PBXGroup;
			children = (
				7EAC54B12207396A00C367F1 /* OrderManager.h */,
				7EAC54B22207396A00C367F1 /* OrderManager.m */,
			);
			path = Managers;
			sourceTree = "<group>";
		};
		7EAC54B4220757F500C367F1 /* OrderList */ = {
			isa = PBXGroup;
			children = (
				7E372DEB2209A8B7004A057F /* Cell */,
				7EAC54B52207580B00C367F1 /* OrderListTableViewController.h */,
				7EAC54B62207580B00C367F1 /* OrderListTableViewController.m */,
			);
			path = OrderList;
			sourceTree = "<group>";
		};
/* End PBXGroup section */

/* Begin PBXNativeTarget section */
		7E4C9B662203DD7200D42EF4 /* PaymentApp */ = {
			isa = PBXNativeTarget;
			buildConfigurationList = 7E4C9B802203DD7300D42EF4 /* Build configuration list for PBXNativeTarget "PaymentApp" */;
			buildPhases = (
				4F7FF1DD11B332E227CDC5A2 /* [CP] Check Pods Manifest.lock */,
				7E4C9B632203DD7200D42EF4 /* Sources */,
				7E4C9B642203DD7200D42EF4 /* Frameworks */,
				7E4C9B652203DD7200D42EF4 /* Resources */,
				27159E8CFDEC449A87428674 /* [CP] Copy Pods Resources */,
			);
			buildRules = (
			);
			dependencies = (
			);
			name = PaymentApp;
			productName = PaymentApp;
			productReference = 7E4C9B672203DD7200D42EF4 /* PaymentApp.app */;
			productType = "com.apple.product-type.application";
		};
/* End PBXNativeTarget section */

/* Begin PBXProject section */
		7E4C9B5F2203DD7200D42EF4 /* Project object */ = {
			isa = PBXProject;
			attributes = {
				LastUpgradeCheck = 1010;
				ORGANIZATIONNAME = MercadoLibre;
				TargetAttributes = {
					7E4C9B662203DD7200D42EF4 = {
						CreatedOnToolsVersion = 10.1;
					};
				};
			};
			buildConfigurationList = 7E4C9B622203DD7200D42EF4 /* Build configuration list for PBXProject "PaymentApp" */;
			compatibilityVersion = "Xcode 9.3";
			developmentRegion = en;
			hasScannedForEncodings = 0;
			knownRegions = (
				en,
				Base,
			);
			mainGroup = 7E4C9B5E2203DD7200D42EF4;
			productRefGroup = 7E4C9B682203DD7200D42EF4 /* Products */;
			projectDirPath = "";
			projectRoot = "";
			targets = (
				7E4C9B662203DD7200D42EF4 /* PaymentApp */,
			);
		};
/* End PBXProject section */

/* Begin PBXResourcesBuildPhase section */
		7E4C9B652203DD7200D42EF4 /* Resources */ = {
			isa = PBXResourcesBuildPhase;
			buildActionMask = 2147483647;
			files = (
				7E4C9B7A2203DD7300D42EF4 /* LaunchScreen.storyboard in Resources */,
				7E4C9B772203DD7300D42EF4 /* Assets.xcassets in Resources */,
				7E372DEA22085027004A057F /* loading.json in Resources */,
				7E4C9B722203DD7200D42EF4 /* Main.storyboard in Resources */,
				7E372DF02209A8D2004A057F /* OrderListTableViewCell.xib in Resources */,
			);
			runOnlyForDeploymentPostprocessing = 0;
		};
/* End PBXResourcesBuildPhase section */

/* Begin PBXShellScriptBuildPhase section */
		27159E8CFDEC449A87428674 /* [CP] Copy Pods Resources */ = {
			isa = PBXShellScriptBuildPhase;
			buildActionMask = 2147483647;
			files = (
			);
			inputFileListPaths = (
			);
			inputPaths = (
				"${PODS_ROOT}/Target Support Files/Pods-PaymentApp/Pods-PaymentApp-resources.sh",
				"${PODS_ROOT}/IQKeyboardManager/IQKeyboardManager/Resources/IQKeyboardManager.bundle",
			);
			name = "[CP] Copy Pods Resources";
			outputFileListPaths = (
			);
			outputPaths = (
				"${TARGET_BUILD_DIR}/${UNLOCALIZED_RESOURCES_FOLDER_PATH}/IQKeyboardManager.bundle",
			);
			runOnlyForDeploymentPostprocessing = 0;
			shellPath = /bin/sh;
			shellScript = "\"${PODS_ROOT}/Target Support Files/Pods-PaymentApp/Pods-PaymentApp-resources.sh\"\n";
			showEnvVarsInLog = 0;
		};
		4F7FF1DD11B332E227CDC5A2 /* [CP] Check Pods Manifest.lock */ = {
			isa = PBXShellScriptBuildPhase;
			buildActionMask = 2147483647;
			files = (
			);
			inputFileListPaths = (
			);
			inputPaths = (
				"${PODS_PODFILE_DIR_PATH}/Podfile.lock",
				"${PODS_ROOT}/Manifest.lock",
			);
			name = "[CP] Check Pods Manifest.lock";
			outputFileListPaths = (
			);
			outputPaths = (
				"$(DERIVED_FILE_DIR)/Pods-PaymentApp-checkManifestLockResult.txt",
			);
			runOnlyForDeploymentPostprocessing = 0;
			shellPath = /bin/sh;
			shellScript = "diff \"${PODS_PODFILE_DIR_PATH}/Podfile.lock\" \"${PODS_ROOT}/Manifest.lock\" > /dev/null\nif [ $? != 0 ] ; then\n    # print error to STDERR\n    echo \"error: The sandbox is not in sync with the Podfile.lock. Run 'pod install' or update your CocoaPods installation.\" >&2\n    exit 1\nfi\n# This output is used by Xcode 'outputs' to avoid re-running this script phase.\necho \"SUCCESS\" > \"${SCRIPT_OUTPUT_FILE_0}\"\n";
			showEnvVarsInLog = 0;
		};
/* End PBXShellScriptBuildPhase section */

/* Begin PBXSourcesBuildPhase section */
		7E4C9B632203DD7200D42EF4 /* Sources */ = {
			isa = PBXSourcesBuildPhase;
			buildActionMask = 2147483647;
			files = (
				7EAC54A922066CF600C367F1 /* UIViewController+Category.m in Sources */,
				7E4C9B912203EC8E00D42EF4 /* NetworkingManager.m in Sources */,
				7E4C9BAE2204D81100D42EF4 /* CardIssuersViewController.m in Sources */,
				7E4C9BA72204A04500D42EF4 /* PaymentMethod.m in Sources */,
				7E4C9B9C220473BB00D42EF4 /* EndpointStructure.m in Sources */,
				7E4BE4352206575400302243 /* OrderDetailViewController.m in Sources */,
				7E4C9BA322047CFE00D42EF4 /* PaymentMethodViewController.m in Sources */,
				7E4C9B6C2203DD7200D42EF4 /* AppDelegate.m in Sources */,
				7E4C9B7D2203DD7300D42EF4 /* main.m in Sources */,
				7E4C9B872203DEA000D42EF4 /* SplashViewController.m in Sources */,
				7E80094922051DC900DE71C7 /* InstallmentViewController.m in Sources */,
				7E4C9BB12204D99D00D42EF4 /* CardIssuer.m in Sources */,
				7E4C9B9F2204772700D42EF4 /* PaymentAmmountViewController.m in Sources */,
				7E372DEF2209A8D2004A057F /* OrderListTableViewCell.m in Sources */,
				7E800942220516B900DE71C7 /* Installment.m in Sources */,
				7EAC54B32207396A00C367F1 /* OrderManager.m in Sources */,
				7EAC54AF2207356E00C367F1 /* Order.m in Sources */,
				7EAC54B72207580B00C367F1 /* OrderListTableViewController.m in Sources */,
				7EAC54AC22071BFA00C367F1 /* PaymentApp.xcdatamodeld in Sources */,
			);
			runOnlyForDeploymentPostprocessing = 0;
		};
/* End PBXSourcesBuildPhase section */

/* Begin PBXVariantGroup section */
		7E4C9B702203DD7200D42EF4 /* Main.storyboard */ = {
			isa = PBXVariantGroup;
			children = (
				7E4C9B712203DD7200D42EF4 /* Base */,
			);
			name = Main.storyboard;
			sourceTree = "<group>";
		};
		7E4C9B782203DD7300D42EF4 /* LaunchScreen.storyboard */ = {
			isa = PBXVariantGroup;
			children = (
				7E4C9B792203DD7300D42EF4 /* Base */,
			);
			name = LaunchScreen.storyboard;
			sourceTree = "<group>";
		};
/* End PBXVariantGroup section */

/* Begin XCBuildConfiguration section */
		7E4C9B7E2203DD7300D42EF4 /* Debug */ = {
			isa = XCBuildConfiguration;
			buildSettings = {
				ALWAYS_SEARCH_USER_PATHS = NO;
				CLANG_ANALYZER_NONNULL = YES;
				CLANG_ANALYZER_NUMBER_OBJECT_CONVERSION = YES_AGGRESSIVE;
				CLANG_CXX_LANGUAGE_STANDARD = "gnu++14";
				CLANG_CXX_LIBRARY = "libc++";
				CLANG_ENABLE_MODULES = YES;
				CLANG_ENABLE_OBJC_ARC = YES;
				CLANG_ENABLE_OBJC_WEAK = YES;
				CLANG_WARN_BLOCK_CAPTURE_AUTORELEASING = YES;
				CLANG_WARN_BOOL_CONVERSION = YES;
				CLANG_WARN_COMMA = YES;
				CLANG_WARN_CONSTANT_CONVERSION = YES;
				CLANG_WARN_DEPRECATED_OBJC_IMPLEMENTATIONS = YES;
				CLANG_WARN_DIRECT_OBJC_ISA_USAGE = YES_ERROR;
				CLANG_WARN_DOCUMENTATION_COMMENTS = YES;
				CLANG_WARN_EMPTY_BODY = YES;
				CLANG_WARN_ENUM_CONVERSION = YES;
				CLANG_WARN_INFINITE_RECURSION = YES;
				CLANG_WARN_INT_CONVERSION = YES;
				CLANG_WARN_NON_LITERAL_NULL_CONVERSION = YES;
				CLANG_WARN_OBJC_IMPLICIT_RETAIN_SELF = YES;
				CLANG_WARN_OBJC_LITERAL_CONVERSION = YES;
				CLANG_WARN_OBJC_ROOT_CLASS = YES_ERROR;
				CLANG_WARN_RANGE_LOOP_ANALYSIS = YES;
				CLANG_WARN_STRICT_PROTOTYPES = YES;
				CLANG_WARN_SUSPICIOUS_MOVE = YES;
				CLANG_WARN_UNGUARDED_AVAILABILITY = YES_AGGRESSIVE;
				CLANG_WARN_UNREACHABLE_CODE = YES;
				CLANG_WARN__DUPLICATE_METHOD_MATCH = YES;
				CODE_SIGN_IDENTITY = "iPhone Developer";
				COPY_PHASE_STRIP = NO;
				DEBUG_INFORMATION_FORMAT = dwarf;
				ENABLE_STRICT_OBJC_MSGSEND = YES;
				ENABLE_TESTABILITY = YES;
				GCC_C_LANGUAGE_STANDARD = gnu11;
				GCC_DYNAMIC_NO_PIC = NO;
				GCC_NO_COMMON_BLOCKS = YES;
				GCC_OPTIMIZATION_LEVEL = 0;
				GCC_PREPROCESSOR_DEFINITIONS = (
					"DEBUG=1",
					"$(inherited)",
				);
				GCC_WARN_64_TO_32_BIT_CONVERSION = YES;
				GCC_WARN_ABOUT_RETURN_TYPE = YES_ERROR;
				GCC_WARN_UNDECLARED_SELECTOR = YES;
				GCC_WARN_UNINITIALIZED_AUTOS = YES_AGGRESSIVE;
				GCC_WARN_UNUSED_FUNCTION = YES;
				GCC_WARN_UNUSED_VARIABLE = YES;
				IPHONEOS_DEPLOYMENT_TARGET = 12.1;
				MTL_ENABLE_DEBUG_INFO = INCLUDE_SOURCE;
				MTL_FAST_MATH = YES;
				ONLY_ACTIVE_ARCH = YES;
				SDKROOT = iphoneos;
			};
			name = Debug;
		};
		7E4C9B7F2203DD7300D42EF4 /* Release */ = {
			isa = XCBuildConfiguration;
			buildSettings = {
				ALWAYS_SEARCH_USER_PATHS = NO;
				CLANG_ANALYZER_NONNULL = YES;
				CLANG_ANALYZER_NUMBER_OBJECT_CONVERSION = YES_AGGRESSIVE;
				CLANG_CXX_LANGUAGE_STANDARD = "gnu++14";
				CLANG_CXX_LIBRARY = "libc++";
				CLANG_ENABLE_MODULES = YES;
				CLANG_ENABLE_OBJC_ARC = YES;
				CLANG_ENABLE_OBJC_WEAK = YES;
				CLANG_WARN_BLOCK_CAPTURE_AUTORELEASING = YES;
				CLANG_WARN_BOOL_CONVERSION = YES;
				CLANG_WARN_COMMA = YES;
				CLANG_WARN_CONSTANT_CONVERSION = YES;
				CLANG_WARN_DEPRECATED_OBJC_IMPLEMENTATIONS = YES;
				CLANG_WARN_DIRECT_OBJC_ISA_USAGE = YES_ERROR;
				CLANG_WARN_DOCUMENTATION_COMMENTS = YES;
				CLANG_WARN_EMPTY_BODY = YES;
				CLANG_WARN_ENUM_CONVERSION = YES;
				CLANG_WARN_INFINITE_RECURSION = YES;
				CLANG_WARN_INT_CONVERSION = YES;
				CLANG_WARN_NON_LITERAL_NULL_CONVERSION = YES;
				CLANG_WARN_OBJC_IMPLICIT_RETAIN_SELF = YES;
				CLANG_WARN_OBJC_LITERAL_CONVERSION = YES;
				CLANG_WARN_OBJC_ROOT_CLASS = YES_ERROR;
				CLANG_WARN_RANGE_LOOP_ANALYSIS = YES;
				CLANG_WARN_STRICT_PROTOTYPES = YES;
				CLANG_WARN_SUSPICIOUS_MOVE = YES;
				CLANG_WARN_UNGUARDED_AVAILABILITY = YES_AGGRESSIVE;
				CLANG_WARN_UNREACHABLE_CODE = YES;
				CLANG_WARN__DUPLICATE_METHOD_MATCH = YES;
				CODE_SIGN_IDENTITY = "iPhone Developer";
				COPY_PHASE_STRIP = NO;
				DEBUG_INFORMATION_FORMAT = "dwarf-with-dsym";
				ENABLE_NS_ASSERTIONS = NO;
				ENABLE_STRICT_OBJC_MSGSEND = YES;
				GCC_C_LANGUAGE_STANDARD = gnu11;
				GCC_NO_COMMON_BLOCKS = YES;
				GCC_WARN_64_TO_32_BIT_CONVERSION = YES;
				GCC_WARN_ABOUT_RETURN_TYPE = YES_ERROR;
				GCC_WARN_UNDECLARED_SELECTOR = YES;
				GCC_WARN_UNINITIALIZED_AUTOS = YES_AGGRESSIVE;
				GCC_WARN_UNUSED_FUNCTION = YES;
				GCC_WARN_UNUSED_VARIABLE = YES;
				IPHONEOS_DEPLOYMENT_TARGET = 12.1;
				MTL_ENABLE_DEBUG_INFO = NO;
				MTL_FAST_MATH = YES;
				SDKROOT = iphoneos;
				VALIDATE_PRODUCT = YES;
			};
			name = Release;
		};
		7E4C9B812203DD7300D42EF4 /* Debug */ = {
			isa = XCBuildConfiguration;
			baseConfigurationReference = 4B9640873C8514CF488CB987 /* Pods-PaymentApp.debug.xcconfig */;
			buildSettings = {
				ASSETCATALOG_COMPILER_APPICON_NAME = AppIcon;
				CODE_SIGN_STYLE = Automatic;
				DEVELOPMENT_TEAM = VHNQM2U5QT;
				INFOPLIST_FILE = PaymentApp/Info.plist;
				LD_RUNPATH_SEARCH_PATHS = (
					"$(inherited)",
					"@executable_path/Frameworks",
				);
				PRODUCT_BUNDLE_IDENTIFIER = com.mercadolibre.PaymentApp;
				PRODUCT_NAME = "$(TARGET_NAME)";
				TARGETED_DEVICE_FAMILY = "1,2";
			};
			name = Debug;
		};
		7E4C9B822203DD7300D42EF4 /* Release */ = {
			isa = XCBuildConfiguration;
			baseConfigurationReference = 4DAF1BA4B6B8B7E0A3E28282 /* Pods-PaymentApp.release.xcconfig */;
			buildSettings = {
				ASSETCATALOG_COMPILER_APPICON_NAME = AppIcon;
				CODE_SIGN_STYLE = Automatic;
				DEVELOPMENT_TEAM = VHNQM2U5QT;
				INFOPLIST_FILE = PaymentApp/Info.plist;
				LD_RUNPATH_SEARCH_PATHS = (
					"$(inherited)",
					"@executable_path/Frameworks",
				);
				PRODUCT_BUNDLE_IDENTIFIER = com.mercadolibre.PaymentApp;
				PRODUCT_NAME = "$(TARGET_NAME)";
				TARGETED_DEVICE_FAMILY = "1,2";
			};
			name = Release;
		};
/* End XCBuildConfiguration section */

/* Begin XCConfigurationList section */
		7E4C9B622203DD7200D42EF4 /* Build configuration list for PBXProject "PaymentApp" */ = {
			isa = XCConfigurationList;
			buildConfigurations = (
				7E4C9B7E2203DD7300D42EF4 /* Debug */,
				7E4C9B7F2203DD7300D42EF4 /* Release */,
			);
			defaultConfigurationIsVisible = 0;
			defaultConfigurationName = Release;
		};
		7E4C9B802203DD7300D42EF4 /* Build configuration list for PBXNativeTarget "PaymentApp" */ = {
			isa = XCConfigurationList;
			buildConfigurations = (
				7E4C9B812203DD7300D42EF4 /* Debug */,
				7E4C9B822203DD7300D42EF4 /* Release */,
			);
			defaultConfigurationIsVisible = 0;
			defaultConfigurationName = Release;
		};
/* End XCConfigurationList section */

/* Begin XCVersionGroup section */
		7EAC54AA22071BFA00C367F1 /* PaymentApp.xcdatamodeld */ = {
			isa = XCVersionGroup;
			children = (
				7EAC54AB22071BFA00C367F1 /* PaymentApp.xcdatamodel */,
			);
			currentVersion = 7EAC54AB22071BFA00C367F1 /* PaymentApp.xcdatamodel */;
			path = PaymentApp.xcdatamodeld;
			sourceTree = "<group>";
			versionGroupType = wrapper.xcdatamodel;
		};
/* End XCVersionGroup section */
	};
	rootObject = 7E4C9B5F2203DD7200D42EF4 /* Project object */;
}
